<Solution>
  <Folder Name="/src/">
    <Project Path="src/Aldune.Core/Aldune.Core.csproj" />
    <Project Path="src/Aldune/Aldune.csproj" />
    <Project Path="src/Aldune.SyncServer/Aldune.SyncServer.csproj" />
  </Folder>
  <Folder Name="/tests/">
    <Project Path="tests/Aldune.Core.Tests/Aldune.Core.Tests.csproj" />
  </Folder>
</Solution>
